
Microsoft Visual Studio Solution File, Format Version 12.00
# Visual Studio Version 17
VisualStudioVersion = 17.0.31903.59
MinimumVisualStudioVersion = 10.0.40219.1
Project("{FAE04EC0-301F-11D3-BF4B-00C04F79EFBC}") = "Decorator", "Decorator\Decorator.csproj", "{070306E0-AC22-4437-ABE3-67A540E8E376}"
EndProject
Project("{FAE04EC0-301F-11D3-BF4B-00C04F79EFBC}") = "NotifierDecorator.Tests", "NotifierDecorator.Tests\NotifierDecorator.Tests.csproj", "{AF78A5E0-B1F0-4C28-9A9B-7C896FCF1AFF}"
EndProject
Global
	GlobalSection(SolutionConfigurationPlatforms) = preSolution
		Debug|Any CPU = Debug|Any CPU
		Release|Any CPU = Release|Any CPU
	EndGlobalSection
	GlobalSection(SolutionProperties) = preSolution
		HideSolutionNode = FALSE
	EndGlobalSection
	GlobalSection(ProjectConfigurationPlatforms) = postSolution
		{070306E0-AC22-4437-ABE3-67A540E8E376}.Debug|Any CPU.ActiveCfg = Debug|Any CPU
		{070306E0-AC22-4437-ABE3-67A540E8E376}.Debug|Any CPU.Build.0 = Debug|Any CPU
		{070306E0-AC22-4437-ABE3-67A540E8E376}.Release|Any CPU.ActiveCfg = Release|Any CPU
		{070306E0-AC22-4437-ABE3-67A540E8E376}.Release|Any CPU.Build.0 = Release|Any CPU
		{AF78A5E0-B1F0-4C28-9A9B-7C896FCF1AFF}.Debug|Any CPU.ActiveCfg = Debug|Any CPU
		{AF78A5E0-B1F0-4C28-9A9B-7C896FCF1AFF}.Debug|Any CPU.Build.0 = Debug|Any CPU
		{AF78A5E0-B1F0-4C28-9A9B-7C896FCF1AFF}.Release|Any CPU.ActiveCfg = Release|Any CPU
		{AF78A5E0-B1F0-4C28-9A9B-7C896FCF1AFF}.Release|Any CPU.Build.0 = Release|Any CPU
	EndGlobalSection
EndGlobal
